// !$*UTF8*$!
{
	archiveVersion = 1;
	classes = {
	};
	objectVersion = 56;
	objects = {

/* Begin PBXBuildFile section */
		2E2D92262B777AD200512DED /* CircuitViewModel.swift in Sources */ = {isa = PBXBuildFile; fileRef = 2E2D92252B777AD200512DED /* CircuitViewModel.swift */; };
		2E2D92282B777B0E00512DED /* CircuitTableCellView.swift in Sources */ = {isa = PBXBuildFile; fileRef = 2E2D92272B777B0E00512DED /* CircuitTableCellView.swift */; };
		2E2D92302B78E6DD00512DED /* NewsDetailView.swift in Sources */ = {isa = PBXBuildFile; fileRef = 2E2D922F2B78E6DD00512DED /* NewsDetailView.swift */; };
		2E2D92342B78EDEA00512DED /* SimulatingFilterView.swift in Sources */ = {isa = PBXBuildFile; fileRef = 2E2D92332B78EDEA00512DED /* SimulatingFilterView.swift */; };
		2E2D92382B78F44000512DED /* SimulatingView.swift in Sources */ = {isa = PBXBuildFile; fileRef = 2E2D92372B78F44000512DED /* SimulatingView.swift */; };
		2E2D923B2B79531800512DED /* Silverstone.swift in Sources */ = {isa = PBXBuildFile; fileRef = 2E2D923A2B79531800512DED /* Silverstone.swift */; };
		2E2D923D2B79536700512DED /* AnyShapeConverter.swift in Sources */ = {isa = PBXBuildFile; fileRef = 2E2D923C2B79536700512DED /* AnyShapeConverter.swift */; };
		2E2D923F2B7953BB00512DED /* DriverProgressView.swift in Sources */ = {isa = PBXBuildFile; fileRef = 2E2D923E2B7953BB00512DED /* DriverProgressView.swift */; };
		2E2D92432B79745C00512DED /* SimulatingViewModel.swift in Sources */ = {isa = PBXBuildFile; fileRef = 2E2D92422B79745C00512DED /* SimulatingViewModel.swift */; };
		2E2D92452B79888500512DED /* RaceResultsModel.swift in Sources */ = {isa = PBXBuildFile; fileRef = 2E2D92442B79888500512DED /* RaceResultsModel.swift */; };
		2E2D92472B7A6DB600512DED /* Suzuka.swift in Sources */ = {isa = PBXBuildFile; fileRef = 2E2D92462B7A6DB600512DED /* Suzuka.swift */; };
		2E2D92492B7A6FF700512DED /* Monaco.swift in Sources */ = {isa = PBXBuildFile; fileRef = 2E2D92482B7A6FF700512DED /* Monaco.swift */; };
		2E2D924B2B7A730B00512DED /* Spa.swift in Sources */ = {isa = PBXBuildFile; fileRef = 2E2D924A2B7A730B00512DED /* Spa.swift */; };
		2E2D924D2B7A756700512DED /* RaceStatisticsModel.swift in Sources */ = {isa = PBXBuildFile; fileRef = 2E2D924C2B7A756700512DED /* RaceStatisticsModel.swift */; };
		2E2D924F2B7A795800512DED /* Monza.swift in Sources */ = {isa = PBXBuildFile; fileRef = 2E2D924E2B7A795800512DED /* Monza.swift */; };
		2E6282A92B6C41A900194748 /* CircuitDetailViewController.swift in Sources */ = {isa = PBXBuildFile; fileRef = 2E6282A82B6C41A900194748 /* CircuitDetailViewController.swift */; };
		2E6C37572B6BE70500645182 /* DriverDetailViewController.swift in Sources */ = {isa = PBXBuildFile; fileRef = 2E6C37562B6BE70500645182 /* DriverDetailViewController.swift */; };
		2E6C37592B6BF16900645182 /* DetailInfoListView.swift in Sources */ = {isa = PBXBuildFile; fileRef = 2E6C37582B6BF16900645182 /* DetailInfoListView.swift */; };
		2E6C375B2B6C107D00645182 /* DetailInfoCardView.swift in Sources */ = {isa = PBXBuildFile; fileRef = 2E6C375A2B6C107D00645182 /* DetailInfoCardView.swift */; };
		2E7010F92B713EA5003D0945 /* DriverDetailViewModel.swift in Sources */ = {isa = PBXBuildFile; fileRef = 2E7010F82B713EA5003D0945 /* DriverDetailViewModel.swift */; };
		2E7010FB2B714011003D0945 /* DriverDetailInfoModel.swift in Sources */ = {isa = PBXBuildFile; fileRef = 2E7010FA2B714011003D0945 /* DriverDetailInfoModel.swift */; };
		2E7010FD2B7160E6003D0945 /* TeamDetailViewController.swift in Sources */ = {isa = PBXBuildFile; fileRef = 2E7010FC2B7160E6003D0945 /* TeamDetailViewController.swift */; };
		2E7011012B7188D9003D0945 /* TeamDetailViewModel.swift in Sources */ = {isa = PBXBuildFile; fileRef = 2E7011002B7188D9003D0945 /* TeamDetailViewModel.swift */; };
		2E7011032B718956003D0945 /* TeamDetailInfoModel.swift in Sources */ = {isa = PBXBuildFile; fileRef = 2E7011022B718956003D0945 /* TeamDetailInfoModel.swift */; };
		2E74C7CC2B76956D005ED9D9 /* CircuitCardView.swift in Sources */ = {isa = PBXBuildFile; fileRef = 2E74C7CB2B76956D005ED9D9 /* CircuitCardView.swift */; };
		2E81BF5F2B670175007F41F2 /* DriverDetailedViewComponent.swift in Sources */ = {isa = PBXBuildFile; fileRef = 2E81BF5E2B670175007F41F2 /* DriverDetailedViewComponent.swift */; };
		2E81BF622B684E8D007F41F2 /* TeamTableCellView.swift in Sources */ = {isa = PBXBuildFile; fileRef = 2E81BF612B684E8D007F41F2 /* TeamTableCellView.swift */; };
		2E9E349C2B5F1DF1002006EC /* StandingModel.swift in Sources */ = {isa = PBXBuildFile; fileRef = 2E9E349B2B5F1DF1002006EC /* StandingModel.swift */; };
		2E9E349F2B5F1F36002006EC /* StandingViewModel.swift in Sources */ = {isa = PBXBuildFile; fileRef = 2E9E349E2B5F1F36002006EC /* StandingViewModel.swift */; };
		2E9E34A12B606005002006EC /* DriverTableCellView.swift in Sources */ = {isa = PBXBuildFile; fileRef = 2E9E34A02B606005002006EC /* DriverTableCellView.swift */; };
		2E9E34A32B60660A002006EC /* ConstructorColor.swift in Sources */ = {isa = PBXBuildFile; fileRef = 2E9E34A22B60660A002006EC /* ConstructorColor.swift */; };
		2EA250492B729C5B001A39A2 /* ArticleModel.swift in Sources */ = {isa = PBXBuildFile; fileRef = 2EA250482B729C5B001A39A2 /* ArticleModel.swift */; };
		2EA2504D2B729DE9001A39A2 /* HomeViewModel.swift in Sources */ = {isa = PBXBuildFile; fileRef = 2EA2504C2B729DE9001A39A2 /* HomeViewModel.swift */; };
		2EA2504F2B72A850001A39A2 /* NewsViewComponent.swift in Sources */ = {isa = PBXBuildFile; fileRef = 2EA2504E2B72A850001A39A2 /* NewsViewComponent.swift */; };
		2EBB52132B5D92D3005616F3 /* AppDelegate.swift in Sources */ = {isa = PBXBuildFile; fileRef = 2EBB52122B5D92D3005616F3 /* AppDelegate.swift */; };
		2EBB52152B5D92D3005616F3 /* SceneDelegate.swift in Sources */ = {isa = PBXBuildFile; fileRef = 2EBB52142B5D92D3005616F3 /* SceneDelegate.swift */; };
		2EBB521C2B5D92D4005616F3 /* Assets.xcassets in Resources */ = {isa = PBXBuildFile; fileRef = 2EBB521B2B5D92D4005616F3 /* Assets.xcassets */; };
		2EBB522C2B5D93A1005616F3 /* Network.swift in Sources */ = {isa = PBXBuildFile; fileRef = 2EBB522B2B5D93A1005616F3 /* Network.swift */; };
		2EBB522E2B5D93C1005616F3 /* NetworkError.swift in Sources */ = {isa = PBXBuildFile; fileRef = 2EBB522D2B5D93C1005616F3 /* NetworkError.swift */; };
		2EBB52302B5D93DD005616F3 /* NetworkService.swift in Sources */ = {isa = PBXBuildFile; fileRef = 2EBB522F2B5D93DD005616F3 /* NetworkService.swift */; };
		2EBB52322B5D9402005616F3 /* ColorExtension.swift in Sources */ = {isa = PBXBuildFile; fileRef = 2EBB52312B5D9402005616F3 /* ColorExtension.swift */; };
		2EBB52342B5D943B005616F3 /* UIViewPin.swift in Sources */ = {isa = PBXBuildFile; fileRef = 2EBB52332B5D943B005616F3 /* UIViewPin.swift */; };
		2EBB523C2B5D967D005616F3 /* TabBarViewController.swift in Sources */ = {isa = PBXBuildFile; fileRef = 2EBB523B2B5D967D005616F3 /* TabBarViewController.swift */; };
		2EBB523E2B5D9698005616F3 /* HomeViewController.swift in Sources */ = {isa = PBXBuildFile; fileRef = 2EBB523D2B5D9698005616F3 /* HomeViewController.swift */; };
		2EBB52402B5D96A1005616F3 /* RacingViewController.swift in Sources */ = {isa = PBXBuildFile; fileRef = 2EBB523F2B5D96A1005616F3 /* RacingViewController.swift */; };
		2EBB52422B5D96A9005616F3 /* StandingViewController.swift in Sources */ = {isa = PBXBuildFile; fileRef = 2EBB52412B5D96A9005616F3 /* StandingViewController.swift */; };
		2EBB52442B5D96B3005616F3 /* CircuitViewController.swift in Sources */ = {isa = PBXBuildFile; fileRef = 2EBB52432B5D96B3005616F3 /* CircuitViewController.swift */; };
		2EBB52462B5D96BF005616F3 /* VisualizeViewController.swift in Sources */ = {isa = PBXBuildFile; fileRef = 2EBB52452B5D96BF005616F3 /* VisualizeViewController.swift */; };
		2EBB52492B5DAF41005616F3 /* RaceModel.swift in Sources */ = {isa = PBXBuildFile; fileRef = 2EBB52482B5DAF41005616F3 /* RaceModel.swift */; };
		2EBB524B2B5DAF5B005616F3 /* RaceTableModel.swift in Sources */ = {isa = PBXBuildFile; fileRef = 2EBB524A2B5DAF5B005616F3 /* RaceTableModel.swift */; };
		2EBB524D2B5DAF6D005616F3 /* CircuitModel.swift in Sources */ = {isa = PBXBuildFile; fileRef = 2EBB524C2B5DAF6D005616F3 /* CircuitModel.swift */; };
		2EBB52512B5DB0CA005616F3 /* RacingViewModel.swift in Sources */ = {isa = PBXBuildFile; fileRef = 2EBB52502B5DB0CA005616F3 /* RacingViewModel.swift */; };
		2EBB52542B5DB1A1005616F3 /* RacingTableCellView.swift in Sources */ = {isa = PBXBuildFile; fileRef = 2EBB52532B5DB1A1005616F3 /* RacingTableCellView.swift */; };
		2EE0FCD42B6D96720028B9BB /* CircuitDetailViewModel.swift in Sources */ = {isa = PBXBuildFile; fileRef = 2EE0FCD32B6D96720028B9BB /* CircuitDetailViewModel.swift */; };
		2EE0FCD62B6D9E120028B9BB /* CircuitDetailInfoModel.swift in Sources */ = {isa = PBXBuildFile; fileRef = 2EE0FCD52B6D9E120028B9BB /* CircuitDetailInfoModel.swift */; };
/* End PBXBuildFile section */

/* Begin PBXFileReference section */
		2E2D92252B777AD200512DED /* CircuitViewModel.swift */ = {isa = PBXFileReference; fileEncoding = 4; lastKnownFileType = sourcecode.swift; path = CircuitViewModel.swift; sourceTree = "<group>"; };
		2E2D92272B777B0E00512DED /* CircuitTableCellView.swift */ = {isa = PBXFileReference; fileEncoding = 4; lastKnownFileType = sourcecode.swift; path = CircuitTableCellView.swift; sourceTree = "<group>"; };
		2E2D922F2B78E6DD00512DED /* NewsDetailView.swift */ = {isa = PBXFileReference; fileEncoding = 4; lastKnownFileType = sourcecode.swift; path = NewsDetailView.swift; sourceTree = "<group>"; };
		2E2D92332B78EDEA00512DED /* SimulatingFilterView.swift */ = {isa = PBXFileReference; lastKnownFileType = sourcecode.swift; path = SimulatingFilterView.swift; sourceTree = "<group>"; };
		2E2D92372B78F44000512DED /* SimulatingView.swift */ = {isa = PBXFileReference; lastKnownFileType = sourcecode.swift; path = SimulatingView.swift; sourceTree = "<group>"; };
		2E2D923A2B79531800512DED /* Silverstone.swift */ = {isa = PBXFileReference; lastKnownFileType = sourcecode.swift; path = Silverstone.swift; sourceTree = "<group>"; };
		2E2D923C2B79536700512DED /* AnyShapeConverter.swift */ = {isa = PBXFileReference; lastKnownFileType = sourcecode.swift; path = AnyShapeConverter.swift; sourceTree = "<group>"; };
		2E2D923E2B7953BB00512DED /* DriverProgressView.swift */ = {isa = PBXFileReference; lastKnownFileType = sourcecode.swift; path = DriverProgressView.swift; sourceTree = "<group>"; };
		2E2D92422B79745C00512DED /* SimulatingViewModel.swift */ = {isa = PBXFileReference; lastKnownFileType = sourcecode.swift; path = SimulatingViewModel.swift; sourceTree = "<group>"; };
		2E2D92442B79888500512DED /* RaceResultsModel.swift */ = {isa = PBXFileReference; lastKnownFileType = sourcecode.swift; path = RaceResultsModel.swift; sourceTree = "<group>"; };
		2E2D92462B7A6DB600512DED /* Suzuka.swift */ = {isa = PBXFileReference; lastKnownFileType = sourcecode.swift; path = Suzuka.swift; sourceTree = "<group>"; };
		2E2D92482B7A6FF700512DED /* Monaco.swift */ = {isa = PBXFileReference; lastKnownFileType = sourcecode.swift; path = Monaco.swift; sourceTree = "<group>"; };
		2E2D924A2B7A730B00512DED /* Spa.swift */ = {isa = PBXFileReference; lastKnownFileType = sourcecode.swift; path = Spa.swift; sourceTree = "<group>"; };
		2E2D924C2B7A756700512DED /* RaceStatisticsModel.swift */ = {isa = PBXFileReference; lastKnownFileType = sourcecode.swift; path = RaceStatisticsModel.swift; sourceTree = "<group>"; };
		2E2D924E2B7A795800512DED /* Monza.swift */ = {isa = PBXFileReference; lastKnownFileType = sourcecode.swift; path = Monza.swift; sourceTree = "<group>"; };
		2E6282A82B6C41A900194748 /* CircuitDetailViewController.swift */ = {isa = PBXFileReference; lastKnownFileType = sourcecode.swift; path = CircuitDetailViewController.swift; sourceTree = "<group>"; };
		2E6C37562B6BE70500645182 /* DriverDetailViewController.swift */ = {isa = PBXFileReference; lastKnownFileType = sourcecode.swift; path = DriverDetailViewController.swift; sourceTree = "<group>"; };
		2E6C37582B6BF16900645182 /* DetailInfoListView.swift */ = {isa = PBXFileReference; lastKnownFileType = sourcecode.swift; path = DetailInfoListView.swift; sourceTree = "<group>"; };
		2E6C375A2B6C107D00645182 /* DetailInfoCardView.swift */ = {isa = PBXFileReference; lastKnownFileType = sourcecode.swift; path = DetailInfoCardView.swift; sourceTree = "<group>"; };
		2E7010F82B713EA5003D0945 /* DriverDetailViewModel.swift */ = {isa = PBXFileReference; lastKnownFileType = sourcecode.swift; path = DriverDetailViewModel.swift; sourceTree = "<group>"; };
		2E7010FA2B714011003D0945 /* DriverDetailInfoModel.swift */ = {isa = PBXFileReference; lastKnownFileType = sourcecode.swift; path = DriverDetailInfoModel.swift; sourceTree = "<group>"; };
		2E7010FC2B7160E6003D0945 /* TeamDetailViewController.swift */ = {isa = PBXFileReference; lastKnownFileType = sourcecode.swift; path = TeamDetailViewController.swift; sourceTree = "<group>"; };
		2E7011002B7188D9003D0945 /* TeamDetailViewModel.swift */ = {isa = PBXFileReference; lastKnownFileType = sourcecode.swift; path = TeamDetailViewModel.swift; sourceTree = "<group>"; };
		2E7011022B718956003D0945 /* TeamDetailInfoModel.swift */ = {isa = PBXFileReference; lastKnownFileType = sourcecode.swift; path = TeamDetailInfoModel.swift; sourceTree = "<group>"; };
		2E74C7CB2B76956D005ED9D9 /* CircuitCardView.swift */ = {isa = PBXFileReference; lastKnownFileType = sourcecode.swift; path = CircuitCardView.swift; sourceTree = "<group>"; };
		2E81BF5E2B670175007F41F2 /* DriverDetailedViewComponent.swift */ = {isa = PBXFileReference; lastKnownFileType = sourcecode.swift; path = DriverDetailedViewComponent.swift; sourceTree = "<group>"; };
		2E81BF612B684E8D007F41F2 /* TeamTableCellView.swift */ = {isa = PBXFileReference; lastKnownFileType = sourcecode.swift; path = TeamTableCellView.swift; sourceTree = "<group>"; };
		2E9E349B2B5F1DF1002006EC /* StandingModel.swift */ = {isa = PBXFileReference; lastKnownFileType = sourcecode.swift; path = StandingModel.swift; sourceTree = "<group>"; };
		2E9E349E2B5F1F36002006EC /* StandingViewModel.swift */ = {isa = PBXFileReference; lastKnownFileType = sourcecode.swift; path = StandingViewModel.swift; sourceTree = "<group>"; };
		2E9E34A02B606005002006EC /* DriverTableCellView.swift */ = {isa = PBXFileReference; lastKnownFileType = sourcecode.swift; path = DriverTableCellView.swift; sourceTree = "<group>"; };
		2E9E34A22B60660A002006EC /* ConstructorColor.swift */ = {isa = PBXFileReference; lastKnownFileType = sourcecode.swift; path = ConstructorColor.swift; sourceTree = "<group>"; };
		2EA250482B729C5B001A39A2 /* ArticleModel.swift */ = {isa = PBXFileReference; lastKnownFileType = sourcecode.swift; path = ArticleModel.swift; sourceTree = "<group>"; };
		2EA2504C2B729DE9001A39A2 /* HomeViewModel.swift */ = {isa = PBXFileReference; lastKnownFileType = sourcecode.swift; path = HomeViewModel.swift; sourceTree = "<group>"; };
		2EA2504E2B72A850001A39A2 /* NewsViewComponent.swift */ = {isa = PBXFileReference; lastKnownFileType = sourcecode.swift; path = NewsViewComponent.swift; sourceTree = "<group>"; };
		2EBB520F2B5D92D3005616F3 /* Racing Line.app */ = {isa = PBXFileReference; explicitFileType = wrapper.application; includeInIndex = 0; path = "Racing Line.app"; sourceTree = BUILT_PRODUCTS_DIR; };
		2EBB52122B5D92D3005616F3 /* AppDelegate.swift */ = {isa = PBXFileReference; lastKnownFileType = sourcecode.swift; path = AppDelegate.swift; sourceTree = "<group>"; };
		2EBB52142B5D92D3005616F3 /* SceneDelegate.swift */ = {isa = PBXFileReference; lastKnownFileType = sourcecode.swift; path = SceneDelegate.swift; sourceTree = "<group>"; };
		2EBB521B2B5D92D4005616F3 /* Assets.xcassets */ = {isa = PBXFileReference; lastKnownFileType = folder.assetcatalog; path = Assets.xcassets; sourceTree = "<group>"; };
		2EBB52202B5D92D4005616F3 /* Info.plist */ = {isa = PBXFileReference; lastKnownFileType = text.plist.xml; path = Info.plist; sourceTree = "<group>"; };
		2EBB522B2B5D93A1005616F3 /* Network.swift */ = {isa = PBXFileReference; lastKnownFileType = sourcecode.swift; path = Network.swift; sourceTree = "<group>"; };
		2EBB522D2B5D93C1005616F3 /* NetworkError.swift */ = {isa = PBXFileReference; lastKnownFileType = sourcecode.swift; path = NetworkError.swift; sourceTree = "<group>"; };
		2EBB522F2B5D93DD005616F3 /* NetworkService.swift */ = {isa = PBXFileReference; lastKnownFileType = sourcecode.swift; path = NetworkService.swift; sourceTree = "<group>"; };
		2EBB52312B5D9402005616F3 /* ColorExtension.swift */ = {isa = PBXFileReference; lastKnownFileType = sourcecode.swift; path = ColorExtension.swift; sourceTree = "<group>"; };
		2EBB52332B5D943B005616F3 /* UIViewPin.swift */ = {isa = PBXFileReference; lastKnownFileType = sourcecode.swift; path = UIViewPin.swift; sourceTree = "<group>"; };
		2EBB523B2B5D967D005616F3 /* TabBarViewController.swift */ = {isa = PBXFileReference; lastKnownFileType = sourcecode.swift; path = TabBarViewController.swift; sourceTree = "<group>"; };
		2EBB523D2B5D9698005616F3 /* HomeViewController.swift */ = {isa = PBXFileReference; lastKnownFileType = sourcecode.swift; path = HomeViewController.swift; sourceTree = "<group>"; };
		2EBB523F2B5D96A1005616F3 /* RacingViewController.swift */ = {isa = PBXFileReference; lastKnownFileType = sourcecode.swift; path = RacingViewController.swift; sourceTree = "<group>"; };
		2EBB52412B5D96A9005616F3 /* StandingViewController.swift */ = {isa = PBXFileReference; lastKnownFileType = sourcecode.swift; path = StandingViewController.swift; sourceTree = "<group>"; };
		2EBB52432B5D96B3005616F3 /* CircuitViewController.swift */ = {isa = PBXFileReference; lastKnownFileType = sourcecode.swift; path = CircuitViewController.swift; sourceTree = "<group>"; };
		2EBB52452B5D96BF005616F3 /* VisualizeViewController.swift */ = {isa = PBXFileReference; lastKnownFileType = sourcecode.swift; path = VisualizeViewController.swift; sourceTree = "<group>"; };
		2EBB52482B5DAF41005616F3 /* RaceModel.swift */ = {isa = PBXFileReference; lastKnownFileType = sourcecode.swift; path = RaceModel.swift; sourceTree = "<group>"; };
		2EBB524A2B5DAF5B005616F3 /* RaceTableModel.swift */ = {isa = PBXFileReference; lastKnownFileType = sourcecode.swift; path = RaceTableModel.swift; sourceTree = "<group>"; };
		2EBB524C2B5DAF6D005616F3 /* CircuitModel.swift */ = {isa = PBXFileReference; lastKnownFileType = sourcecode.swift; path = CircuitModel.swift; sourceTree = "<group>"; };
		2EBB52502B5DB0CA005616F3 /* RacingViewModel.swift */ = {isa = PBXFileReference; lastKnownFileType = sourcecode.swift; path = RacingViewModel.swift; sourceTree = "<group>"; };
		2EBB52532B5DB1A1005616F3 /* RacingTableCellView.swift */ = {isa = PBXFileReference; lastKnownFileType = sourcecode.swift; path = RacingTableCellView.swift; sourceTree = "<group>"; };
		2EE0FCD32B6D96720028B9BB /* CircuitDetailViewModel.swift */ = {isa = PBXFileReference; lastKnownFileType = sourcecode.swift; path = CircuitDetailViewModel.swift; sourceTree = "<group>"; };
		2EE0FCD52B6D9E120028B9BB /* CircuitDetailInfoModel.swift */ = {isa = PBXFileReference; lastKnownFileType = sourcecode.swift; path = CircuitDetailInfoModel.swift; sourceTree = "<group>"; };
/* End PBXFileReference section */

/* Begin PBXFrameworksBuildPhase section */
		2EBB520C2B5D92D3005616F3 /* Frameworks */ = {
			isa = PBXFrameworksBuildPhase;
			buildActionMask = 2147483647;
			files = (
			);
			runOnlyForDeploymentPostprocessing = 0;
		};
/* End PBXFrameworksBuildPhase section */

/* Begin PBXGroup section */
		2E2D92312B78EDA300512DED /* View */ = {
			isa = PBXGroup;
			children = (
				2EBB52452B5D96BF005616F3 /* VisualizeViewController.swift */,
				2E2D92332B78EDEA00512DED /* SimulatingFilterView.swift */,
				2E2D92372B78F44000512DED /* SimulatingView.swift */,
			);
			path = View;
			sourceTree = "<group>";
		};
		2E2D92322B78EDA900512DED /* ViewModel */ = {
			isa = PBXGroup;
			children = (
				2E2D92422B79745C00512DED /* SimulatingViewModel.swift */,
			);
			path = ViewModel;
			sourceTree = "<group>";
		};
		2E2D92392B7952D000512DED /* CircuitShapes */ = {
			isa = PBXGroup;
			children = (
				2E2D923C2B79536700512DED /* AnyShapeConverter.swift */,
				2E2D923A2B79531800512DED /* Silverstone.swift */,
				2E2D92462B7A6DB600512DED /* Suzuka.swift */,
				2E2D92482B7A6FF700512DED /* Monaco.swift */,
				2E2D924A2B7A730B00512DED /* Spa.swift */,
				2E2D924E2B7A795800512DED /* Monza.swift */,
			);
			path = CircuitShapes;
			sourceTree = "<group>";
		};
		2E81BF602B683FB7007F41F2 /* View */ = {
			isa = PBXGroup;
			children = (
				2EBB52412B5D96A9005616F3 /* StandingViewController.swift */,
				2E6C37562B6BE70500645182 /* DriverDetailViewController.swift */,
				2E7010FC2B7160E6003D0945 /* TeamDetailViewController.swift */,
			);
			path = View;
			sourceTree = "<group>";
		};
		2E9E349D2B5F1EE1002006EC /* ViewModel */ = {
			isa = PBXGroup;
			children = (
				2E9E349E2B5F1F36002006EC /* StandingViewModel.swift */,
				2E7010F82B713EA5003D0945 /* DriverDetailViewModel.swift */,
				2E7011002B7188D9003D0945 /* TeamDetailViewModel.swift */,
			);
			path = ViewModel;
			sourceTree = "<group>";
		};
		2EA2504A2B729DBC001A39A2 /* View */ = {
			isa = PBXGroup;
			children = (
				2E2D922F2B78E6DD00512DED /* NewsDetailView.swift */,
				2EBB523D2B5D9698005616F3 /* HomeViewController.swift */,
			);
			path = View;
			sourceTree = "<group>";
		};
		2EA2504B2B729DC7001A39A2 /* ViewModel */ = {
			isa = PBXGroup;
			children = (
				2EA2504C2B729DE9001A39A2 /* HomeViewModel.swift */,
			);
			path = ViewModel;
			sourceTree = "<group>";
		};
		2EBB52062B5D92D3005616F3 = {
			isa = PBXGroup;
			children = (
				2EBB52112B5D92D3005616F3 /* Racing Line */,
				2EBB52102B5D92D3005616F3 /* Products */,
			);
			sourceTree = "<group>";
		};
		2EBB52102B5D92D3005616F3 /* Products */ = {
			isa = PBXGroup;
			children = (
				2EBB520F2B5D92D3005616F3 /* Racing Line.app */,
			);
			name = Products;
			sourceTree = "<group>";
		};
		2EBB52112B5D92D3005616F3 /* Racing Line */ = {
			isa = PBXGroup;
			children = (
				2EBB52262B5D9318005616F3 /* App */,
				2EBB52522B5DB17B005616F3 /* Components */,
				2EBB52472B5DAF1D005616F3 /* Models */,
				2EBB52282B5D9335005616F3 /* NetworkManager */,
				2EBB52272B5D9325005616F3 /* Resources */,
				2EBB522A2B5D934E005616F3 /* Extension */,
				2EBB52292B5D9342005616F3 /* Scenes */,
				2EBB52202B5D92D4005616F3 /* Info.plist */,
			);
			path = "Racing Line";
			sourceTree = "<group>";
		};
		2EBB52262B5D9318005616F3 /* App */ = {
			isa = PBXGroup;
			children = (
				2EBB52122B5D92D3005616F3 /* AppDelegate.swift */,
				2EBB52142B5D92D3005616F3 /* SceneDelegate.swift */,
			);
			path = App;
			sourceTree = "<group>";
		};
		2EBB52272B5D9325005616F3 /* Resources */ = {
			isa = PBXGroup;
			children = (
				2E2D92392B7952D000512DED /* CircuitShapes */,
				2EBB521B2B5D92D4005616F3 /* Assets.xcassets */,
			);
			path = Resources;
			sourceTree = "<group>";
		};
		2EBB52282B5D9335005616F3 /* NetworkManager */ = {
			isa = PBXGroup;
			children = (
				2EBB522B2B5D93A1005616F3 /* Network.swift */,
				2EBB522D2B5D93C1005616F3 /* NetworkError.swift */,
				2EBB522F2B5D93DD005616F3 /* NetworkService.swift */,
			);
			path = NetworkManager;
			sourceTree = "<group>";
		};
		2EBB52292B5D9342005616F3 /* Scenes */ = {
			isa = PBXGroup;
			children = (
				2EBB52352B5D9543005616F3 /* TabBar */,
				2EBB52362B5D956B005616F3 /* Home */,
				2EBB52372B5D957D005616F3 /* Racing */,
				2EBB52382B5D959A005616F3 /* Standing */,
				2EBB52392B5D95A3005616F3 /* Circuit */,
				2EBB523A2B5D95AA005616F3 /* Visualize */,
			);
			path = Scenes;
			sourceTree = "<group>";
		};
		2EBB522A2B5D934E005616F3 /* Extension */ = {
			isa = PBXGroup;
			children = (
				2EBB52312B5D9402005616F3 /* ColorExtension.swift */,
				2E9E34A22B60660A002006EC /* ConstructorColor.swift */,
				2EBB52332B5D943B005616F3 /* UIViewPin.swift */,
			);
			path = Extension;
			sourceTree = "<group>";
		};
		2EBB52352B5D9543005616F3 /* TabBar */ = {
			isa = PBXGroup;
			children = (
				2EBB523B2B5D967D005616F3 /* TabBarViewController.swift */,
			);
			path = TabBar;
			sourceTree = "<group>";
		};
		2EBB52362B5D956B005616F3 /* Home */ = {
			isa = PBXGroup;
			children = (
				2EA2504A2B729DBC001A39A2 /* View */,
				2EA2504B2B729DC7001A39A2 /* ViewModel */,
			);
			path = Home;
			sourceTree = "<group>";
		};
		2EBB52372B5D957D005616F3 /* Racing */ = {
			isa = PBXGroup;
			children = (
				2EBB524E2B5DB006005616F3 /* View */,
				2EBB524F2B5DB014005616F3 /* ViewModel */,
			);
			path = Racing;
			sourceTree = "<group>";
		};
		2EBB52382B5D959A005616F3 /* Standing */ = {
			isa = PBXGroup;
			children = (
				2E81BF602B683FB7007F41F2 /* View */,
				2E9E349D2B5F1EE1002006EC /* ViewModel */,
			);
			path = Standing;
			sourceTree = "<group>";
		};
		2EBB52392B5D95A3005616F3 /* Circuit */ = {
			isa = PBXGroup;
			children = (
				2EE0FCD12B6D95B00028B9BB /* View */,
				2EE0FCD22B6D95BF0028B9BB /* ViewModel */,
			);
			path = Circuit;
			sourceTree = "<group>";
		};
		2EBB523A2B5D95AA005616F3 /* Visualize */ = {
			isa = PBXGroup;
			children = (
				2E2D92312B78EDA300512DED /* View */,
				2E2D92322B78EDA900512DED /* ViewModel */,
			);
			path = Visualize;
			sourceTree = "<group>";
		};
		2EBB52472B5DAF1D005616F3 /* Models */ = {
			isa = PBXGroup;
			children = (
				2EBB52482B5DAF41005616F3 /* RaceModel.swift */,
				2E9E349B2B5F1DF1002006EC /* StandingModel.swift */,
				2EBB524A2B5DAF5B005616F3 /* RaceTableModel.swift */,
				2EBB524C2B5DAF6D005616F3 /* CircuitModel.swift */,
				2EE0FCD52B6D9E120028B9BB /* CircuitDetailInfoModel.swift */,
				2E7010FA2B714011003D0945 /* DriverDetailInfoModel.swift */,
				2E7011022B718956003D0945 /* TeamDetailInfoModel.swift */,
				2EA250482B729C5B001A39A2 /* ArticleModel.swift */,
				2E2D92442B79888500512DED /* RaceResultsModel.swift */,
				2E2D924C2B7A756700512DED /* RaceStatisticsModel.swift */,
			);
			path = Models;
			sourceTree = "<group>";
		};
		2EBB524E2B5DB006005616F3 /* View */ = {
			isa = PBXGroup;
			children = (
				2EBB523F2B5D96A1005616F3 /* RacingViewController.swift */,
			);
			path = View;
			sourceTree = "<group>";
		};
		2EBB524F2B5DB014005616F3 /* ViewModel */ = {
			isa = PBXGroup;
			children = (
				2EBB52502B5DB0CA005616F3 /* RacingViewModel.swift */,
			);
			path = ViewModel;
			sourceTree = "<group>";
		};
		2EBB52522B5DB17B005616F3 /* Components */ = {
			isa = PBXGroup;
			children = (
				2EBB52532B5DB1A1005616F3 /* RacingTableCellView.swift */,
				2E9E34A02B606005002006EC /* DriverTableCellView.swift */,
				2E81BF5E2B670175007F41F2 /* DriverDetailedViewComponent.swift */,
				2E81BF612B684E8D007F41F2 /* TeamTableCellView.swift */,
				2E6C37582B6BF16900645182 /* DetailInfoListView.swift */,
				2E6C375A2B6C107D00645182 /* DetailInfoCardView.swift */,
				2E2D92272B777B0E00512DED /* CircuitTableCellView.swift */,
				2EA2504E2B72A850001A39A2 /* NewsViewComponent.swift */,
				2E74C7CB2B76956D005ED9D9 /* CircuitCardView.swift */,
				2E2D923E2B7953BB00512DED /* DriverProgressView.swift */,
			);
			path = Components;
			sourceTree = "<group>";
		};
		2EE0FCD12B6D95B00028B9BB /* View */ = {
			isa = PBXGroup;
			children = (
				2EBB52432B5D96B3005616F3 /* CircuitViewController.swift */,
				2E6282A82B6C41A900194748 /* CircuitDetailViewController.swift */,
			);
			path = View;
			sourceTree = "<group>";
		};
		2EE0FCD22B6D95BF0028B9BB /* ViewModel */ = {
			isa = PBXGroup;
			children = (
				2E2D92252B777AD200512DED /* CircuitViewModel.swift */,
				2EE0FCD32B6D96720028B9BB /* CircuitDetailViewModel.swift */,
			);
			path = ViewModel;
			sourceTree = "<group>";
		};
/* End PBXGroup section */

/* Begin PBXNativeTarget section */
		2EBB520E2B5D92D3005616F3 /* Racing Line */ = {
			isa = PBXNativeTarget;
			buildConfigurationList = 2EBB52232B5D92D4005616F3 /* Build configuration list for PBXNativeTarget "Racing Line" */;
			buildPhases = (
				2EBB520B2B5D92D3005616F3 /* Sources */,
				2EBB520C2B5D92D3005616F3 /* Frameworks */,
				2EBB520D2B5D92D3005616F3 /* Resources */,
			);
			buildRules = (
			);
			dependencies = (
			);
			name = "Racing Line";
			productName = "Racing Line";
			productReference = 2EBB520F2B5D92D3005616F3 /* Racing Line.app */;
			productType = "com.apple.product-type.application";
		};
/* End PBXNativeTarget section */

/* Begin PBXProject section */
		2EBB52072B5D92D3005616F3 /* Project object */ = {
			isa = PBXProject;
			attributes = {
				BuildIndependentTargetsInParallel = 1;
				LastSwiftUpdateCheck = 1510;
				LastUpgradeCheck = 1510;
				TargetAttributes = {
					2EBB520E2B5D92D3005616F3 = {
						CreatedOnToolsVersion = 15.1;
					};
				};
			};
			buildConfigurationList = 2EBB520A2B5D92D3005616F3 /* Build configuration list for PBXProject "Racing Line" */;
			compatibilityVersion = "Xcode 14.0";
			developmentRegion = en;
			hasScannedForEncodings = 0;
			knownRegions = (
				en,
				Base,
			);
			mainGroup = 2EBB52062B5D92D3005616F3;
			productRefGroup = 2EBB52102B5D92D3005616F3 /* Products */;
			projectDirPath = "";
			projectRoot = "";
			targets = (
				2EBB520E2B5D92D3005616F3 /* Racing Line */,
			);
		};
/* End PBXProject section */

/* Begin PBXResourcesBuildPhase section */
		2EBB520D2B5D92D3005616F3 /* Resources */ = {
			isa = PBXResourcesBuildPhase;
			buildActionMask = 2147483647;
			files = (
				2EBB521C2B5D92D4005616F3 /* Assets.xcassets in Resources */,
			);
			runOnlyForDeploymentPostprocessing = 0;
		};
/* End PBXResourcesBuildPhase section */

/* Begin PBXSourcesBuildPhase section */
		2EBB520B2B5D92D3005616F3 /* Sources */ = {
			isa = PBXSourcesBuildPhase;
			buildActionMask = 2147483647;
			files = (
				2E2D923B2B79531800512DED /* Silverstone.swift in Sources */,
				2EBB52512B5DB0CA005616F3 /* RacingViewModel.swift in Sources */,
				2EBB52492B5DAF41005616F3 /* RaceModel.swift in Sources */,
				2EBB524D2B5DAF6D005616F3 /* CircuitModel.swift in Sources */,
				2EBB523C2B5D967D005616F3 /* TabBarViewController.swift in Sources */,
				2E2D924F2B7A795800512DED /* Monza.swift in Sources */,
				2E7011012B7188D9003D0945 /* TeamDetailViewModel.swift in Sources */,
				2EBB52302B5D93DD005616F3 /* NetworkService.swift in Sources */,
				2E2D923D2B79536700512DED /* AnyShapeConverter.swift in Sources */,
				2EBB52402B5D96A1005616F3 /* RacingViewController.swift in Sources */,
				2E9E349F2B5F1F36002006EC /* StandingViewModel.swift in Sources */,
				2E9E349C2B5F1DF1002006EC /* StandingModel.swift in Sources */,
				2EBB52132B5D92D3005616F3 /* AppDelegate.swift in Sources */,
				2E2D92302B78E6DD00512DED /* NewsDetailView.swift in Sources */,
				2E2D92472B7A6DB600512DED /* Suzuka.swift in Sources */,
				2EA2504D2B729DE9001A39A2 /* HomeViewModel.swift in Sources */,
				2EA250492B729C5B001A39A2 /* ArticleModel.swift in Sources */,
				2EBB52442B5D96B3005616F3 /* CircuitViewController.swift in Sources */,
				2EBB52422B5D96A9005616F3 /* StandingViewController.swift in Sources */,
				2E2D924B2B7A730B00512DED /* Spa.swift in Sources */,
				2E2D92382B78F44000512DED /* SimulatingView.swift in Sources */,
				2E74C7CC2B76956D005ED9D9 /* CircuitCardView.swift in Sources */,
				2EBB522E2B5D93C1005616F3 /* NetworkError.swift in Sources */,
				2E81BF622B684E8D007F41F2 /* TeamTableCellView.swift in Sources */,
				2E7010F92B713EA5003D0945 /* DriverDetailViewModel.swift in Sources */,
				2EBB52322B5D9402005616F3 /* ColorExtension.swift in Sources */,
				2EE0FCD42B6D96720028B9BB /* CircuitDetailViewModel.swift in Sources */,
				2E2D923F2B7953BB00512DED /* DriverProgressView.swift in Sources */,
				2E7010FD2B7160E6003D0945 /* TeamDetailViewController.swift in Sources */,
				2E2D92282B777B0E00512DED /* CircuitTableCellView.swift in Sources */,
				2E2D92342B78EDEA00512DED /* SimulatingFilterView.swift in Sources */,
				2EBB523E2B5D9698005616F3 /* HomeViewController.swift in Sources */,
				2EE0FCD62B6D9E120028B9BB /* CircuitDetailInfoModel.swift in Sources */,
				2E7010FB2B714011003D0945 /* DriverDetailInfoModel.swift in Sources */,
				2E2D924D2B7A756700512DED /* RaceStatisticsModel.swift in Sources */,
				2E7011032B718956003D0945 /* TeamDetailInfoModel.swift in Sources */,
				2E81BF5F2B670175007F41F2 /* DriverDetailedViewComponent.swift in Sources */,
				2E9E34A32B60660A002006EC /* ConstructorColor.swift in Sources */,
				2E6C37592B6BF16900645182 /* DetailInfoListView.swift in Sources */,
				2EBB524B2B5DAF5B005616F3 /* RaceTableModel.swift in Sources */,
				2EBB52542B5DB1A1005616F3 /* RacingTableCellView.swift in Sources */,
				2EA2504F2B72A850001A39A2 /* NewsViewComponent.swift in Sources */,
				2E2D92492B7A6FF700512DED /* Monaco.swift in Sources */,
				2EBB52342B5D943B005616F3 /* UIViewPin.swift in Sources */,
				2E2D92432B79745C00512DED /* SimulatingViewModel.swift in Sources */,
				2E2D92452B79888500512DED /* RaceResultsModel.swift in Sources */,
				2E2D92262B777AD200512DED /* CircuitViewModel.swift in Sources */,
				2E6C375B2B6C107D00645182 /* DetailInfoCardView.swift in Sources */,
				2E6C37572B6BE70500645182 /* DriverDetailViewController.swift in Sources */,
				2E6282A92B6C41A900194748 /* CircuitDetailViewController.swift in Sources */,
				2EBB52152B5D92D3005616F3 /* SceneDelegate.swift in Sources */,
				2E9E34A12B606005002006EC /* DriverTableCellView.swift in Sources */,
				2EBB522C2B5D93A1005616F3 /* Network.swift in Sources */,
				2EBB52462B5D96BF005616F3 /* VisualizeViewController.swift in Sources */,
			);
			runOnlyForDeploymentPostprocessing = 0;
		};
/* End PBXSourcesBuildPhase section */

/* Begin XCBuildConfiguration section */
		2EBB52212B5D92D4005616F3 /* Debug */ = {
			isa = XCBuildConfiguration;
			buildSettings = {
				ALWAYS_SEARCH_USER_PATHS = NO;
				ASSETCATALOG_COMPILER_GENERATE_SWIFT_ASSET_SYMBOL_EXTENSIONS = YES;
				CLANG_ANALYZER_NONNULL = YES;
				CLANG_ANALYZER_NUMBER_OBJECT_CONVERSION = YES_AGGRESSIVE;
				CLANG_CXX_LANGUAGE_STANDARD = "gnu++20";
				CLANG_ENABLE_MODULES = YES;
				CLANG_ENABLE_OBJC_ARC = YES;
				CLANG_ENABLE_OBJC_WEAK = YES;
				CLANG_WARN_BLOCK_CAPTURE_AUTORELEASING = YES;
				CLANG_WARN_BOOL_CONVERSION = YES;
				CLANG_WARN_COMMA = YES;
				CLANG_WARN_CONSTANT_CONVERSION = YES;
				CLANG_WARN_DEPRECATED_OBJC_IMPLEMENTATIONS = YES;
				CLANG_WARN_DIRECT_OBJC_ISA_USAGE = YES_ERROR;
				CLANG_WARN_DOCUMENTATION_COMMENTS = YES;
				CLANG_WARN_EMPTY_BODY = YES;
				CLANG_WARN_ENUM_CONVERSION = YES;
				CLANG_WARN_INFINITE_RECURSION = YES;
				CLANG_WARN_INT_CONVERSION = YES;
				CLANG_WARN_NON_LITERAL_NULL_CONVERSION = YES;
				CLANG_WARN_OBJC_IMPLICIT_RETAIN_SELF = YES;
				CLANG_WARN_OBJC_LITERAL_CONVERSION = YES;
				CLANG_WARN_OBJC_ROOT_CLASS = YES_ERROR;
				CLANG_WARN_QUOTED_INCLUDE_IN_FRAMEWORK_HEADER = YES;
				CLANG_WARN_RANGE_LOOP_ANALYSIS = YES;
				CLANG_WARN_STRICT_PROTOTYPES = YES;
				CLANG_WARN_SUSPICIOUS_MOVE = YES;
				CLANG_WARN_UNGUARDED_AVAILABILITY = YES_AGGRESSIVE;
				CLANG_WARN_UNREACHABLE_CODE = YES;
				CLANG_WARN__DUPLICATE_METHOD_MATCH = YES;
				COPY_PHASE_STRIP = NO;
				DEBUG_INFORMATION_FORMAT = dwarf;
				ENABLE_STRICT_OBJC_MSGSEND = YES;
				ENABLE_TESTABILITY = YES;
				ENABLE_USER_SCRIPT_SANDBOXING = YES;
				GCC_C_LANGUAGE_STANDARD = gnu17;
				GCC_DYNAMIC_NO_PIC = NO;
				GCC_NO_COMMON_BLOCKS = YES;
				GCC_OPTIMIZATION_LEVEL = 0;
				GCC_PREPROCESSOR_DEFINITIONS = (
					"DEBUG=1",
					"$(inherited)",
				);
				GCC_WARN_64_TO_32_BIT_CONVERSION = YES;
				GCC_WARN_ABOUT_RETURN_TYPE = YES_ERROR;
				GCC_WARN_UNDECLARED_SELECTOR = YES;
				GCC_WARN_UNINITIALIZED_AUTOS = YES_AGGRESSIVE;
				GCC_WARN_UNUSED_FUNCTION = YES;
				GCC_WARN_UNUSED_VARIABLE = YES;
				IPHONEOS_DEPLOYMENT_TARGET = 17.2;
				LOCALIZATION_PREFERS_STRING_CATALOGS = YES;
				MTL_ENABLE_DEBUG_INFO = INCLUDE_SOURCE;
				MTL_FAST_MATH = YES;
				ONLY_ACTIVE_ARCH = YES;
				SDKROOT = iphoneos;
				SWIFT_ACTIVE_COMPILATION_CONDITIONS = "DEBUG $(inherited)";
				SWIFT_OPTIMIZATION_LEVEL = "-Onone";
			};
			name = Debug;
		};
		2EBB52222B5D92D4005616F3 /* Release */ = {
			isa = XCBuildConfiguration;
			buildSettings = {
				ALWAYS_SEARCH_USER_PATHS = NO;
				ASSETCATALOG_COMPILER_GENERATE_SWIFT_ASSET_SYMBOL_EXTENSIONS = YES;
				CLANG_ANALYZER_NONNULL = YES;
				CLANG_ANALYZER_NUMBER_OBJECT_CONVERSION = YES_AGGRESSIVE;
				CLANG_CXX_LANGUAGE_STANDARD = "gnu++20";
				CLANG_ENABLE_MODULES = YES;
				CLANG_ENABLE_OBJC_ARC = YES;
				CLANG_ENABLE_OBJC_WEAK = YES;
				CLANG_WARN_BLOCK_CAPTURE_AUTORELEASING = YES;
				CLANG_WARN_BOOL_CONVERSION = YES;
				CLANG_WARN_COMMA = YES;
				CLANG_WARN_CONSTANT_CONVERSION = YES;
				CLANG_WARN_DEPRECATED_OBJC_IMPLEMENTATIONS = YES;
				CLANG_WARN_DIRECT_OBJC_ISA_USAGE = YES_ERROR;
				CLANG_WARN_DOCUMENTATION_COMMENTS = YES;
				CLANG_WARN_EMPTY_BODY = YES;
				CLANG_WARN_ENUM_CONVERSION = YES;
				CLANG_WARN_INFINITE_RECURSION = YES;
				CLANG_WARN_INT_CONVERSION = YES;
				CLANG_WARN_NON_LITERAL_NULL_CONVERSION = YES;
				CLANG_WARN_OBJC_IMPLICIT_RETAIN_SELF = YES;
				CLANG_WARN_OBJC_LITERAL_CONVERSION = YES;
				CLANG_WARN_OBJC_ROOT_CLASS = YES_ERROR;
				CLANG_WARN_QUOTED_INCLUDE_IN_FRAMEWORK_HEADER = YES;
				CLANG_WARN_RANGE_LOOP_ANALYSIS = YES;
				CLANG_WARN_STRICT_PROTOTYPES = YES;
				CLANG_WARN_SUSPICIOUS_MOVE = YES;
				CLANG_WARN_UNGUARDED_AVAILABILITY = YES_AGGRESSIVE;
				CLANG_WARN_UNREACHABLE_CODE = YES;
				CLANG_WARN__DUPLICATE_METHOD_MATCH = YES;
				COPY_PHASE_STRIP = NO;
				DEBUG_INFORMATION_FORMAT = "dwarf-with-dsym";
				ENABLE_NS_ASSERTIONS = NO;
				ENABLE_STRICT_OBJC_MSGSEND = YES;
				ENABLE_USER_SCRIPT_SANDBOXING = YES;
				GCC_C_LANGUAGE_STANDARD = gnu17;
				GCC_NO_COMMON_BLOCKS = YES;
				GCC_WARN_64_TO_32_BIT_CONVERSION = YES;
				GCC_WARN_ABOUT_RETURN_TYPE = YES_ERROR;
				GCC_WARN_UNDECLARED_SELECTOR = YES;
				GCC_WARN_UNINITIALIZED_AUTOS = YES_AGGRESSIVE;
				GCC_WARN_UNUSED_FUNCTION = YES;
				GCC_WARN_UNUSED_VARIABLE = YES;
				IPHONEOS_DEPLOYMENT_TARGET = 17.2;
				LOCALIZATION_PREFERS_STRING_CATALOGS = YES;
				MTL_ENABLE_DEBUG_INFO = NO;
				MTL_FAST_MATH = YES;
				SDKROOT = iphoneos;
				SWIFT_COMPILATION_MODE = wholemodule;
				VALIDATE_PRODUCT = YES;
			};
			name = Release;
		};
		2EBB52242B5D92D4005616F3 /* Debug */ = {
			isa = XCBuildConfiguration;
			buildSettings = {
				ASSETCATALOG_COMPILER_APPICON_NAME = AppIcon;
				ASSETCATALOG_COMPILER_GLOBAL_ACCENT_COLOR_NAME = AccentColor;
				CODE_SIGN_STYLE = Automatic;
				CURRENT_PROJECT_VERSION = 1;
				DEVELOPMENT_TEAM = M9WWDC922T;
				GENERATE_INFOPLIST_FILE = YES;
				INFOPLIST_FILE = "Racing Line/Info.plist";
				INFOPLIST_KEY_UIApplicationSupportsIndirectInputEvents = YES;
				INFOPLIST_KEY_UILaunchStoryboardName = LaunchScreen;
				INFOPLIST_KEY_UISupportedInterfaceOrientations = "UIInterfaceOrientationLandscapeLeft UIInterfaceOrientationLandscapeRight UIInterfaceOrientationPortrait";
				IPHONEOS_DEPLOYMENT_TARGET = 16.0;
				LD_RUNPATH_SEARCH_PATHS = (
					"$(inherited)",
					"@executable_path/Frameworks",
				);
				MARKETING_VERSION = 1.0;
				PRODUCT_BUNDLE_IDENTIFIER = "idk.Racing-Line";
				PRODUCT_NAME = "$(TARGET_NAME)";
				SWIFT_EMIT_LOC_STRINGS = YES;
				SWIFT_VERSION = 5.0;
				TARGETED_DEVICE_FAMILY = "1,2";
			};
			name = Debug;
		};
		2EBB52252B5D92D4005616F3 /* Release */ = {
			isa = XCBuildConfiguration;
			buildSettings = {
				ASSETCATALOG_COMPILER_APPICON_NAME = AppIcon;
				ASSETCATALOG_COMPILER_GLOBAL_ACCENT_COLOR_NAME = AccentColor;
				CODE_SIGN_STYLE = Automatic;
				CURRENT_PROJECT_VERSION = 1;
				DEVELOPMENT_TEAM = M9WWDC922T;
				GENERATE_INFOPLIST_FILE = YES;
				INFOPLIST_FILE = "Racing Line/Info.plist";
				INFOPLIST_KEY_UIApplicationSupportsIndirectInputEvents = YES;
				INFOPLIST_KEY_UILaunchStoryboardName = LaunchScreen;
				INFOPLIST_KEY_UISupportedInterfaceOrientations = "UIInterfaceOrientationLandscapeLeft UIInterfaceOrientationLandscapeRight UIInterfaceOrientationPortrait";
				IPHONEOS_DEPLOYMENT_TARGET = 16.0;
				LD_RUNPATH_SEARCH_PATHS = (
					"$(inherited)",
					"@executable_path/Frameworks",
				);
				MARKETING_VERSION = 1.0;
				PRODUCT_BUNDLE_IDENTIFIER = "idk.Racing-Line";
				PRODUCT_NAME = "$(TARGET_NAME)";
				SWIFT_EMIT_LOC_STRINGS = YES;
				SWIFT_VERSION = 5.0;
				TARGETED_DEVICE_FAMILY = "1,2";
			};
			name = Release;
		};
/* End XCBuildConfiguration section */

/* Begin XCConfigurationList section */
		2EBB520A2B5D92D3005616F3 /* Build configuration list for PBXProject "Racing Line" */ = {
			isa = XCConfigurationList;
			buildConfigurations = (
				2EBB52212B5D92D4005616F3 /* Debug */,
				2EBB52222B5D92D4005616F3 /* Release */,
			);
			defaultConfigurationIsVisible = 0;
			defaultConfigurationName = Release;
		};
		2EBB52232B5D92D4005616F3 /* Build configuration list for PBXNativeTarget "Racing Line" */ = {
			isa = XCConfigurationList;
			buildConfigurations = (
				2EBB52242B5D92D4005616F3 /* Debug */,
				2EBB52252B5D92D4005616F3 /* Release */,
			);
			defaultConfigurationIsVisible = 0;
			defaultConfigurationName = Release;
		};
/* End XCConfigurationList section */
	};
	rootObject = 2EBB52072B5D92D3005616F3 /* Project object */;
}
